
Microsoft Visual Studio Solution File, Format Version 12.00
# Visual Studio Version 17
VisualStudioVersion = 17.5.33627.172
MinimumVisualStudioVersion = 10.0.40219.1
Project("{FAE04EC0-301F-11D3-BF4B-00C04F79EFBC}") = "PlatformaEducationala", "PlatformaEducationala\PlatformaEducationala.csproj", "{3110FAB0-E2A6-42D3-A707-5AD92AE69112}"
EndProject
Global
	GlobalSection(SolutionConfigurationPlatforms) = preSolution
		Debug|Any CPU = Debug|Any CPU
		Release|Any CPU = Release|Any CPU
	EndGlobalSection
	GlobalSection(ProjectConfigurationPlatforms) = postSolution
		{3110FAB0-E2A6-42D3-A707-5AD92AE69112}.Debug|Any CPU.ActiveCfg = Debug|Any CPU
		{3110FAB0-E2A6-42D3-A707-5AD92AE69112}.Debug|Any CPU.Build.0 = Debug|Any CPU
		{3110FAB0-E2A6-42D3-A707-5AD92AE69112}.Release|Any CPU.ActiveCfg = Release|Any CPU
		{3110FAB0-E2A6-42D3-A707-5AD92AE69112}.Release|Any CPU.Build.0 = Release|Any CPU
	EndGlobalSection
	GlobalSection(SolutionProperties) = preSolution
		HideSolutionNode = FALSE
	EndGlobalSection
	GlobalSection(ExtensibilityGlobals) = postSolution
		SolutionGuid = {E1E525E1-484A-45FD-A0B5-2082221BBAB9}
	EndGlobalSection
EndGlobal
